
Microsoft Visual Studio Solution File, Format Version 11.00
# Visual Studio 2010
Project("{FAE04EC0-301F-11D3-BF4B-00C04F79EFBC}") = "RSSFeedWeb", "RSSFeedWeb\RSSFeedWeb.csproj", "{5B08BC4E-BD1D-408A-9774-18BC22685D0F}"
	ProjectSection(ProjectDependencies) = postProject
		{1003EC00-730A-4A4D-828C-EEB9D263FD59} = {1003EC00-730A-4A4D-828C-EEB9D263FD59}
	EndProjectSection
EndProject
Project("{FAE04EC0-301F-11D3-BF4B-00C04F79EFBC}") = "RSSFeedService", "RSSFeedService\RSSFeedService.csproj", "{1003EC00-730A-4A4D-828C-EEB9D263FD59}"
EndProject
Project("{FAE04EC0-301F-11D3-BF4B-00C04F79EFBC}") = "RSSFeedDesktop", "RSSFeedDesktop\RSSFeedDesktop.csproj", "{8DE07DBF-1F75-4B67-A729-D3CB4A97844C}"
	ProjectSection(ProjectDependencies) = postProject
		{1003EC00-730A-4A4D-828C-EEB9D263FD59} = {1003EC00-730A-4A4D-828C-EEB9D263FD59}
		{5B301ECD-433C-44BB-B5E9-8618A4F893CF} = {5B301ECD-433C-44BB-B5E9-8618A4F893CF}
	EndProjectSection
EndProject
Project("{FAE04EC0-301F-11D3-BF4B-00C04F79EFBC}") = "RSSFeedModel", "RSSFeedModel\RSSFeedModel.csproj", "{5B301ECD-433C-44BB-B5E9-8618A4F893CF}"
	ProjectSection(ProjectDependencies) = postProject
		{1003EC00-730A-4A4D-828C-EEB9D263FD59} = {1003EC00-730A-4A4D-828C-EEB9D263FD59}
	EndProjectSection
EndProject
Global
	GlobalSection(SolutionConfigurationPlatforms) = preSolution
		Debug|Any CPU = Debug|Any CPU
		Debug|Mixed Platforms = Debug|Mixed Platforms
		Debug|x86 = Debug|x86
		Release|Any CPU = Release|Any CPU
		Release|Mixed Platforms = Release|Mixed Platforms
		Release|x86 = Release|x86
	EndGlobalSection
	GlobalSection(ProjectConfigurationPlatforms) = postSolution
		{5B08BC4E-BD1D-408A-9774-18BC22685D0F}.Debug|Any CPU.ActiveCfg = Debug|Any CPU
		{5B08BC4E-BD1D-408A-9774-18BC22685D0F}.Debug|Any CPU.Build.0 = Debug|Any CPU
		{5B08BC4E-BD1D-408A-9774-18BC22685D0F}.Debug|Mixed Platforms.ActiveCfg = Debug|Any CPU
		{5B08BC4E-BD1D-408A-9774-18BC22685D0F}.Debug|Mixed Platforms.Build.0 = Debug|Any CPU
		{5B08BC4E-BD1D-408A-9774-18BC22685D0F}.Debug|x86.ActiveCfg = Debug|Any CPU
		{5B08BC4E-BD1D-408A-9774-18BC22685D0F}.Release|Any CPU.ActiveCfg = Release|Any CPU
		{5B08BC4E-BD1D-408A-9774-18BC22685D0F}.Release|Any CPU.Build.0 = Release|Any CPU
		{5B08BC4E-BD1D-408A-9774-18BC22685D0F}.Release|Mixed Platforms.ActiveCfg = Release|Any CPU
		{5B08BC4E-BD1D-408A-9774-18BC22685D0F}.Release|Mixed Platforms.Build.0 = Release|Any CPU
		{5B08BC4E-BD1D-408A-9774-18BC22685D0F}.Release|x86.ActiveCfg = Release|Any CPU
		{1003EC00-730A-4A4D-828C-EEB9D263FD59}.Debug|Any CPU.ActiveCfg = Debug|Any CPU
		{1003EC00-730A-4A4D-828C-EEB9D263FD59}.Debug|Any CPU.Build.0 = Debug|Any CPU
		{1003EC00-730A-4A4D-828C-EEB9D263FD59}.Debug|Mixed Platforms.ActiveCfg = Debug|Any CPU
		{1003EC00-730A-4A4D-828C-EEB9D263FD59}.Debug|Mixed Platforms.Build.0 = Debug|Any CPU
		{1003EC00-730A-4A4D-828C-EEB9D263FD59}.Debug|x86.ActiveCfg = Debug|Any CPU
		{1003EC00-730A-4A4D-828C-EEB9D263FD59}.Release|Any CPU.ActiveCfg = Release|Any CPU
		{1003EC00-730A-4A4D-828C-EEB9D263FD59}.Release|Any CPU.Build.0 = Release|Any CPU
		{1003EC00-730A-4A4D-828C-EEB9D263FD59}.Release|Mixed Platforms.ActiveCfg = Release|Any CPU
		{1003EC00-730A-4A4D-828C-EEB9D263FD59}.Release|Mixed Platforms.Build.0 = Release|Any CPU
		{1003EC00-730A-4A4D-828C-EEB9D263FD59}.Release|x86.ActiveCfg = Release|Any CPU
		{8DE07DBF-1F75-4B67-A729-D3CB4A97844C}.Debug|Any CPU.ActiveCfg = Debug|x86
		{8DE07DBF-1F75-4B67-A729-D3CB4A97844C}.Debug|Mixed Platforms.ActiveCfg = Debug|x86
		{8DE07DBF-1F75-4B67-A729-D3CB4A97844C}.Debug|Mixed Platforms.Build.0 = Debug|x86
		{8DE07DBF-1F75-4B67-A729-D3CB4A97844C}.Debug|x86.ActiveCfg = Debug|x86
		{8DE07DBF-1F75-4B67-A729-D3CB4A97844C}.Debug|x86.Build.0 = Debug|x86
		{8DE07DBF-1F75-4B67-A729-D3CB4A97844C}.Release|Any CPU.ActiveCfg = Release|x86
		{8DE07DBF-1F75-4B67-A729-D3CB4A97844C}.Release|Mixed Platforms.ActiveCfg = Release|x86
		{8DE07DBF-1F75-4B67-A729-D3CB4A97844C}.Release|Mixed Platforms.Build.0 = Release|x86
		{8DE07DBF-1F75-4B67-A729-D3CB4A97844C}.Release|x86.ActiveCfg = Release|x86
		{8DE07DBF-1F75-4B67-A729-D3CB4A97844C}.Release|x86.Build.0 = Release|x86
		{5B301ECD-433C-44BB-B5E9-8618A4F893CF}.Debug|Any CPU.ActiveCfg = Debug|Any CPU
		{5B301ECD-433C-44BB-B5E9-8618A4F893CF}.Debug|Any CPU.Build.0 = Debug|Any CPU
		{5B301ECD-433C-44BB-B5E9-8618A4F893CF}.Debug|Mixed Platforms.ActiveCfg = Debug|Any CPU
		{5B301ECD-433C-44BB-B5E9-8618A4F893CF}.Debug|Mixed Platforms.Build.0 = Debug|Any CPU
		{5B301ECD-433C-44BB-B5E9-8618A4F893CF}.Debug|x86.ActiveCfg = Debug|Any CPU
		{5B301ECD-433C-44BB-B5E9-8618A4F893CF}.Release|Any CPU.ActiveCfg = Release|Any CPU
		{5B301ECD-433C-44BB-B5E9-8618A4F893CF}.Release|Any CPU.Build.0 = Release|Any CPU
		{5B301ECD-433C-44BB-B5E9-8618A4F893CF}.Release|Mixed Platforms.ActiveCfg = Release|Any CPU
		{5B301ECD-433C-44BB-B5E9-8618A4F893CF}.Release|Mixed Platforms.Build.0 = Release|Any CPU
		{5B301ECD-433C-44BB-B5E9-8618A4F893CF}.Release|x86.ActiveCfg = Release|Any CPU
	EndGlobalSection
	GlobalSection(SolutionProperties) = preSolution
		HideSolutionNode = FALSE
	EndGlobalSection
EndGlobal
